
Microsoft Visual Studio Solution File, Format Version 12.00
Project("{FAE04EC0-301F-11D3-BF4B-00C04F79EFBC}") = "RegistroMenoPazzo", "RegistroMenoPazzo\RegistroMenoPazzo.csproj", "{AD64D949-1F48-46CD-997A-CA0F681DAF6D}"
EndProject
Project("{FAE04EC0-301F-11D3-BF4B-00C04F79EFBC}") = "AgenziaAlberghieraVernazza", "AgenziaAlberghieraVernazza\AgenziaAlberghieraVernazza.csproj", "{01444980-7451-48B4-A58E-A92F4790E4BD}"
EndProject
Project("{2150E333-8FDC-42A3-9474-1A3956D46DE8}") = "AgenziaRistorativaVernazza", "AgenziaRistorativaVernazza", "{4AC0E65E-E8A1-4F75-8BC5-4A62BB7EBC41}"
EndProject
Project("{FAE04EC0-301F-11D3-BF4B-00C04F79EFBC}") = "RistorApp.ConsoleApp", "RistorApp.ConsoleApp\RistorApp.ConsoleApp.csproj", "{F3C73825-7B3E-4291-8386-3AC8A35DC1C2}"
EndProject
Project("{FAE04EC0-301F-11D3-BF4B-00C04F79EFBC}") = "RistorApp.DataLayer", "RistorApp.DataLayer\RistorApp.DataLayer.csproj", "{8ED34078-D7F3-4DD1-BB3E-2F2E9280A75B}"
EndProject
Project("{FAE04EC0-301F-11D3-BF4B-00C04F79EFBC}") = "RistorApp.Api", "RistorApp.Api\RistorApp.Api.csproj", "{E07C64D4-22F4-4FAD-AD8B-FEF50979BD53}"
EndProject
Global
	GlobalSection(SolutionConfigurationPlatforms) = preSolution
		Debug|Any CPU = Debug|Any CPU
		Release|Any CPU = Release|Any CPU
	EndGlobalSection
	GlobalSection(ProjectConfigurationPlatforms) = postSolution
		{AD64D949-1F48-46CD-997A-CA0F681DAF6D}.Debug|Any CPU.ActiveCfg = Debug|Any CPU
		{AD64D949-1F48-46CD-997A-CA0F681DAF6D}.Debug|Any CPU.Build.0 = Debug|Any CPU
		{AD64D949-1F48-46CD-997A-CA0F681DAF6D}.Release|Any CPU.ActiveCfg = Release|Any CPU
		{AD64D949-1F48-46CD-997A-CA0F681DAF6D}.Release|Any CPU.Build.0 = Release|Any CPU
		{01444980-7451-48B4-A58E-A92F4790E4BD}.Debug|Any CPU.ActiveCfg = Debug|Any CPU
		{01444980-7451-48B4-A58E-A92F4790E4BD}.Debug|Any CPU.Build.0 = Debug|Any CPU
		{01444980-7451-48B4-A58E-A92F4790E4BD}.Release|Any CPU.ActiveCfg = Release|Any CPU
		{01444980-7451-48B4-A58E-A92F4790E4BD}.Release|Any CPU.Build.0 = Release|Any CPU
		{F3C73825-7B3E-4291-8386-3AC8A35DC1C2}.Debug|Any CPU.ActiveCfg = Debug|Any CPU
		{F3C73825-7B3E-4291-8386-3AC8A35DC1C2}.Debug|Any CPU.Build.0 = Debug|Any CPU
		{F3C73825-7B3E-4291-8386-3AC8A35DC1C2}.Release|Any CPU.ActiveCfg = Release|Any CPU
		{F3C73825-7B3E-4291-8386-3AC8A35DC1C2}.Release|Any CPU.Build.0 = Release|Any CPU
		{8ED34078-D7F3-4DD1-BB3E-2F2E9280A75B}.Debug|Any CPU.ActiveCfg = Debug|Any CPU
		{8ED34078-D7F3-4DD1-BB3E-2F2E9280A75B}.Debug|Any CPU.Build.0 = Debug|Any CPU
		{8ED34078-D7F3-4DD1-BB3E-2F2E9280A75B}.Release|Any CPU.ActiveCfg = Release|Any CPU
		{8ED34078-D7F3-4DD1-BB3E-2F2E9280A75B}.Release|Any CPU.Build.0 = Release|Any CPU
		{E07C64D4-22F4-4FAD-AD8B-FEF50979BD53}.Debug|Any CPU.ActiveCfg = Debug|Any CPU
		{E07C64D4-22F4-4FAD-AD8B-FEF50979BD53}.Debug|Any CPU.Build.0 = Debug|Any CPU
		{E07C64D4-22F4-4FAD-AD8B-FEF50979BD53}.Release|Any CPU.ActiveCfg = Release|Any CPU
		{E07C64D4-22F4-4FAD-AD8B-FEF50979BD53}.Release|Any CPU.Build.0 = Release|Any CPU
	EndGlobalSection
	GlobalSection(NestedProjects) = preSolution
		{F3C73825-7B3E-4291-8386-3AC8A35DC1C2} = {4AC0E65E-E8A1-4F75-8BC5-4A62BB7EBC41}
		{8ED34078-D7F3-4DD1-BB3E-2F2E9280A75B} = {4AC0E65E-E8A1-4F75-8BC5-4A62BB7EBC41}
		{E07C64D4-22F4-4FAD-AD8B-FEF50979BD53} = {4AC0E65E-E8A1-4F75-8BC5-4A62BB7EBC41}
	EndGlobalSection
EndGlobal
